// !$*UTF8*$!
{
	archiveVersion = 1;
	classes = {
	};
	objectVersion = 77;
	objects = {

/* Begin PBXBuildFile section */
		FB6FFC742F4CA4E000C8D98B /* SwiftTerm in Frameworks */ = {isa = PBXBuildFile; productRef = FB6FFC302F4C820000C8D98B /* SwiftTerm */; };
		FB6FFC802F4CB00000C8D98B /* Sparkle in Frameworks */ = {isa = PBXBuildFile; productRef = FB6FFC7F2F4CB00000C8D98B /* Sparkle */; };
/* End PBXBuildFile section */

/* Begin PBXContainerItemProxy section */
		FB6FFC122F4C81C800C8D98B /* PBXContainerItemProxy */ = {
			isa = PBXContainerItemProxy;
			containerPortal = FB6FFBFC2F4C81C600C8D98B /* Project object */;
			proxyType = 1;
			remoteGlobalIDString = FB6FFC032F4C81C600C8D98B;
			remoteInfo = "PPG CLI";
		};
/* End PBXContainerItemProxy section */

/* Begin PBXFileReference section */
		FB6FFC042F4C81C600C8D98B /* PPG CLI.app */ = {isa = PBXFileReference; explicitFileType = wrapper.application; includeInIndex = 0; path = "PPG CLI.app"; sourceTree = BUILT_PRODUCTS_DIR; };
		FB6FFC112F4C81C800C8D98B /* PPG CLITests.xctest */ = {isa = PBXFileReference; explicitFileType = wrapper.cfbundle; includeInIndex = 0; path = "PPG CLITests.xctest"; sourceTree = BUILT_PRODUCTS_DIR; };
/* End PBXFileReference section */

/* Begin PBXFileSystemSynchronizedBuildFileExceptionSet section */
		8AF4C8BA6C0F4BED8B6A7661 /* Exceptions for "PPG CLI" folder in "PPG CLI" target */ = {
			isa = PBXFileSystemSynchronizedBuildFileExceptionSet;
			membershipExceptions = (
				Info.plist,
			);
			target = FB6FFC032F4C81C600C8D98B /* PPG CLI */;
		};
/* End PBXFileSystemSynchronizedBuildFileExceptionSet section */

/* Begin PBXFileSystemSynchronizedRootGroup section */
		FB6FFC062F4C81C600C8D98B /* PPG CLI */ = {
			isa = PBXFileSystemSynchronizedRootGroup;
			exceptions = (
				8AF4C8BA6C0F4BED8B6A7661 /* Exceptions for "PPG CLI" folder in "PPG CLI" target */,
			);
			path = "PPG CLI";
			sourceTree = "<group>";
		};
		FB6FFC142F4C81C800C8D98B /* PPG CLITests */ = {
			isa = PBXFileSystemSynchronizedRootGroup;
			path = "PPG CLITests";
			sourceTree = "<group>";
		};
/* End PBXFileSystemSynchronizedRootGroup section */

/* Begin PBXFrameworksBuildPhase section */
		FB6FFC012F4C81C600C8D98B /* Frameworks */ = {
			isa = PBXFrameworksBuildPhase;
			buildActionMask = 2147483647;
			files = (
				FB6FFC742F4CA4E000C8D98B /* SwiftTerm in Frameworks */,
				FB6FFC802F4CB00000C8D98B /* Sparkle in Frameworks */,
			);
			runOnlyForDeploymentPostprocessing = 0;
		};
		FB6FFC0E2F4C81C800C8D98B /* Frameworks */ = {
			isa = PBXFrameworksBuildPhase;
			buildActionMask = 2147483647;
			files = (
			);
			runOnlyForDeploymentPostprocessing = 0;
		};
/* End PBXFrameworksBuildPhase section */

/* Begin PBXGroup section */
		FB6FFBFB2F4C81C600C8D98B = {
			isa = PBXGroup;
			children = (
				FB6FFC062F4C81C600C8D98B /* PPG CLI */,
				FB6FFC142F4C81C800C8D98B /* PPG CLITests */,
				FB6FFC052F4C81C600C8D98B /* Products */,
			);
			sourceTree = "<group>";
		};
		FB6FFC052F4C81C600C8D98B /* Products */ = {
			isa = PBXGroup;
			children = (
				FB6FFC042F4C81C600C8D98B /* PPG CLI.app */,
				FB6FFC112F4C81C800C8D98B /* PPG CLITests.xctest */,
			);
			name = Products;
			sourceTree = "<group>";
		};
/* End PBXGroup section */

/* Begin PBXNativeTarget section */
		FB6FFC032F4C81C600C8D98B /* PPG CLI */ = {
			isa = PBXNativeTarget;
			buildConfigurationList = FB6FFC252F4C81C800C8D98B /* Build configuration list for PBXNativeTarget "PPG CLI" */;
			buildPhases = (
				FB6FFC002F4C81C600C8D98B /* Sources */,
				FB6FFC012F4C81C600C8D98B /* Frameworks */,
				FB6FFC022F4C81C600C8D98B /* Resources */,
			);
			buildRules = (
			);
			dependencies = (
			);
			fileSystemSynchronizedGroups = (
				FB6FFC062F4C81C600C8D98B /* PPG CLI */,
			);
			name = "PPG CLI";
			packageProductDependencies = (
				FB6FFC302F4C820000C8D98B /* SwiftTerm */,
				FB6FFC7F2F4CB00000C8D98B /* Sparkle */,
			);
			productName = "PPG CLI";
			productReference = FB6FFC042F4C81C600C8D98B /* PPG CLI.app */;
			productType = "com.apple.product-type.application";
		};
		FB6FFC102F4C81C800C8D98B /* PPG CLITests */ = {
			isa = PBXNativeTarget;
			buildConfigurationList = FB6FFC282F4C81C800C8D98B /* Build configuration list for PBXNativeTarget "PPG CLITests" */;
			buildPhases = (
				FB6FFC0D2F4C81C800C8D98B /* Sources */,
				FB6FFC0E2F4C81C800C8D98B /* Frameworks */,
				FB6FFC0F2F4C81C800C8D98B /* Resources */,
			);
			buildRules = (
			);
			dependencies = (
				FB6FFC132F4C81C800C8D98B /* PBXTargetDependency */,
			);
			fileSystemSynchronizedGroups = (
				FB6FFC142F4C81C800C8D98B /* PPG CLITests */,
			);
			name = "PPG CLITests";
			packageProductDependencies = (
			);
			productName = "PPG CLITests";
			productReference = FB6FFC112F4C81C800C8D98B /* PPG CLITests.xctest */;
			productType = "com.apple.product-type.bundle.unit-test";
		};
/* End PBXNativeTarget section */

/* Begin PBXProject section */
		FB6FFBFC2F4C81C600C8D98B /* Project object */ = {
			isa = PBXProject;
			attributes = {
				BuildIndependentTargetsInParallel = 1;
				LastSwiftUpdateCheck = 2610;
				LastUpgradeCheck = 2610;
				TargetAttributes = {
					FB6FFC032F4C81C600C8D98B = {
						CreatedOnToolsVersion = 26.1.1;
					};
					FB6FFC102F4C81C800C8D98B = {
						CreatedOnToolsVersion = 26.1.1;
						TestTargetID = FB6FFC032F4C81C600C8D98B;
					};
					};
			};
			buildConfigurationList = FB6FFBFF2F4C81C600C8D98B /* Build configuration list for PBXProject "PPG CLI" */;
			developmentRegion = en;
			hasScannedForEncodings = 0;
			knownRegions = (
				en,
				Base,
			);
			mainGroup = FB6FFBFB2F4C81C600C8D98B;
			minimizedProjectReferenceProxies = 1;
			packageReferences = (
				FB6FFC2F2F4C820000C8D98B /* XCRemoteSwiftPackageReference "SwiftTerm" */,
				FB6FFC7E2F4CB00000C8D98B /* XCRemoteSwiftPackageReference "Sparkle" */,
			);
			preferredProjectObjectVersion = 77;
			productRefGroup = FB6FFC052F4C81C600C8D98B /* Products */;
			projectDirPath = "";
			projectRoot = "";
			targets = (
				FB6FFC032F4C81C600C8D98B /* PPG CLI */,
				FB6FFC102F4C81C800C8D98B /* PPG CLITests */,
			);
		};
/* End PBXProject section */

/* Begin PBXResourcesBuildPhase section */
		FB6FFC022F4C81C600C8D98B /* Resources */ = {
			isa = PBXResourcesBuildPhase;
			buildActionMask = 2147483647;
			files = (
			);
			runOnlyForDeploymentPostprocessing = 0;
		};
		FB6FFC0F2F4C81C800C8D98B /* Resources */ = {
			isa = PBXResourcesBuildPhase;
			buildActionMask = 2147483647;
			files = (
			);
			runOnlyForDeploymentPostprocessing = 0;
		};
/* End PBXResourcesBuildPhase section */

/* Begin PBXSourcesBuildPhase section */
		FB6FFC002F4C81C600C8D98B /* Sources */ = {
			isa = PBXSourcesBuildPhase;
			buildActionMask = 2147483647;
			files = (
			);
			runOnlyForDeploymentPostprocessing = 0;
		};
		FB6FFC0D2F4C81C800C8D98B /* Sources */ = {
			isa = PBXSourcesBuildPhase;
			buildActionMask = 2147483647;
			files = (
			);
			runOnlyForDeploymentPostprocessing = 0;
		};
/* End PBXSourcesBuildPhase section */

/* Begin PBXTargetDependency section */
		FB6FFC132F4C81C800C8D98B /* PBXTargetDependency */ = {
			isa = PBXTargetDependency;
			target = FB6FFC032F4C81C600C8D98B /* PPG CLI */;
			targetProxy = FB6FFC122F4C81C800C8D98B /* PBXContainerItemProxy */;
		};
/* End PBXTargetDependency section */

/* Begin XCBuildConfiguration section */
		FB6FFC232F4C81C800C8D98B /* Debug */ = {
			isa = XCBuildConfiguration;
			buildSettings = {
				ALWAYS_SEARCH_USER_PATHS = NO;
				ASSETCATALOG_COMPILER_GENERATE_SWIFT_ASSET_SYMBOL_EXTENSIONS = YES;
				CLANG_ANALYZER_NONNULL = YES;
				CLANG_ANALYZER_NUMBER_OBJECT_CONVERSION = YES_AGGRESSIVE;
				CLANG_CXX_LANGUAGE_STANDARD = "gnu++20";
				CLANG_ENABLE_MODULES = YES;
				CLANG_ENABLE_OBJC_ARC = YES;
				CLANG_ENABLE_OBJC_WEAK = YES;
				CLANG_WARN_BLOCK_CAPTURE_AUTORELEASING = YES;
				CLANG_WARN_BOOL_CONVERSION = YES;
				CLANG_WARN_COMMA = YES;
				CLANG_WARN_CONSTANT_CONVERSION = YES;
				CLANG_WARN_DEPRECATED_OBJC_IMPLEMENTATIONS = YES;
				CLANG_WARN_DIRECT_OBJC_ISA_USAGE = YES_ERROR;
				CLANG_WARN_DOCUMENTATION_COMMENTS = YES;
				CLANG_WARN_EMPTY_BODY = YES;
				CLANG_WARN_ENUM_CONVERSION = YES;
				CLANG_WARN_INFINITE_RECURSION = YES;
				CLANG_WARN_INT_CONVERSION = YES;
				CLANG_WARN_NON_LITERAL_NULL_CONVERSION = YES;
				CLANG_WARN_OBJC_IMPLICIT_RETAIN_SELF = YES;
				CLANG_WARN_OBJC_LITERAL_CONVERSION = YES;
				CLANG_WARN_OBJC_ROOT_CLASS = YES_ERROR;
				CLANG_WARN_QUOTED_INCLUDE_IN_FRAMEWORK_HEADER = YES;
				CLANG_WARN_RANGE_LOOP_ANALYSIS = YES;
				CLANG_WARN_STRICT_PROTOTYPES = YES;
				CLANG_WARN_SUSPICIOUS_MOVE = YES;
				CLANG_WARN_UNGUARDED_AVAILABILITY = YES_AGGRESSIVE;
				CLANG_WARN_UNREACHABLE_CODE = YES;
				CLANG_WARN__DUPLICATE_METHOD_MATCH = YES;
				COPY_PHASE_STRIP = NO;
				DEBUG_INFORMATION_FORMAT = dwarf;
				DEVELOPMENT_TEAM = M96WTV3CKX;
				ENABLE_STRICT_OBJC_MSGSEND = YES;
				ENABLE_TESTABILITY = YES;
				ENABLE_USER_SCRIPT_SANDBOXING = YES;
				GCC_C_LANGUAGE_STANDARD = gnu17;
				GCC_DYNAMIC_NO_PIC = NO;
				GCC_NO_COMMON_BLOCKS = YES;
				GCC_OPTIMIZATION_LEVEL = 0;
				GCC_PREPROCESSOR_DEFINITIONS = (
					"DEBUG=1",
					"$(inherited)",
				);
				GCC_WARN_64_TO_32_BIT_CONVERSION = YES;
				GCC_WARN_ABOUT_RETURN_TYPE = YES_ERROR;
				GCC_WARN_UNDECLARED_SELECTOR = YES;
				GCC_WARN_UNINITIALIZED_AUTOS = YES_AGGRESSIVE;
				GCC_WARN_UNUSED_FUNCTION = YES;
				GCC_WARN_UNUSED_VARIABLE = YES;
				LOCALIZATION_PREFERS_STRING_CATALOGS = YES;
				MTL_ENABLE_DEBUG_INFO = INCLUDE_SOURCE;
				MTL_FAST_MATH = YES;
				ONLY_ACTIVE_ARCH = YES;
				SWIFT_ACTIVE_COMPILATION_CONDITIONS = "DEBUG $(inherited)";
				SWIFT_OPTIMIZATION_LEVEL = "-Onone";
			};
			name = Debug;
		};
		FB6FFC242F4C81C800C8D98B /* Release */ = {
			isa = XCBuildConfiguration;
			buildSettings = {
				ALWAYS_SEARCH_USER_PATHS = NO;
				ASSETCATALOG_COMPILER_GENERATE_SWIFT_ASSET_SYMBOL_EXTENSIONS = YES;
				CLANG_ANALYZER_NONNULL = YES;
				CLANG_ANALYZER_NUMBER_OBJECT_CONVERSION = YES_AGGRESSIVE;
				CLANG_CXX_LANGUAGE_STANDARD = "gnu++20";
				CLANG_ENABLE_MODULES = YES;
				CLANG_ENABLE_OBJC_ARC = YES;
				CLANG_ENABLE_OBJC_WEAK = YES;
				CLANG_WARN_BLOCK_CAPTURE_AUTORELEASING = YES;
				CLANG_WARN_BOOL_CONVERSION = YES;
				CLANG_WARN_COMMA = YES;
				CLANG_WARN_CONSTANT_CONVERSION = YES;
				CLANG_WARN_DEPRECATED_OBJC_IMPLEMENTATIONS = YES;
				CLANG_WARN_DIRECT_OBJC_ISA_USAGE = YES_ERROR;
				CLANG_WARN_DOCUMENTATION_COMMENTS = YES;
				CLANG_WARN_EMPTY_BODY = YES;
				CLANG_WARN_ENUM_CONVERSION = YES;
				CLANG_WARN_INFINITE_RECURSION = YES;
				CLANG_WARN_INT_CONVERSION = YES;
				CLANG_WARN_NON_LITERAL_NULL_CONVERSION = YES;
				CLANG_WARN_OBJC_IMPLICIT_RETAIN_SELF = YES;
				CLANG_WARN_OBJC_LITERAL_CONVERSION = YES;
				CLANG_WARN_OBJC_ROOT_CLASS = YES_ERROR;
				CLANG_WARN_QUOTED_INCLUDE_IN_FRAMEWORK_HEADER = YES;
				CLANG_WARN_RANGE_LOOP_ANALYSIS = YES;
				CLANG_WARN_STRICT_PROTOTYPES = YES;
				CLANG_WARN_SUSPICIOUS_MOVE = YES;
				CLANG_WARN_UNGUARDED_AVAILABILITY = YES_AGGRESSIVE;
				CLANG_WARN_UNREACHABLE_CODE = YES;
				CLANG_WARN__DUPLICATE_METHOD_MATCH = YES;
				COPY_PHASE_STRIP = NO;
				DEBUG_INFORMATION_FORMAT = "dwarf-with-dsym";
				DEVELOPMENT_TEAM = M96WTV3CKX;
				ENABLE_NS_ASSERTIONS = NO;
				ENABLE_STRICT_OBJC_MSGSEND = YES;
				ENABLE_USER_SCRIPT_SANDBOXING = YES;
				GCC_C_LANGUAGE_STANDARD = gnu17;
				GCC_NO_COMMON_BLOCKS = YES;
				GCC_WARN_64_TO_32_BIT_CONVERSION = YES;
				GCC_WARN_ABOUT_RETURN_TYPE = YES_ERROR;
				GCC_WARN_UNDECLARED_SELECTOR = YES;
				GCC_WARN_UNINITIALIZED_AUTOS = YES_AGGRESSIVE;
				GCC_WARN_UNUSED_FUNCTION = YES;
				GCC_WARN_UNUSED_VARIABLE = YES;
				LOCALIZATION_PREFERS_STRING_CATALOGS = YES;
				MTL_ENABLE_DEBUG_INFO = NO;
				MTL_FAST_MATH = YES;
				SWIFT_COMPILATION_MODE = wholemodule;
			};
			name = Release;
		};
		FB6FFC262F4C81C800C8D98B /* Debug */ = {
			isa = XCBuildConfiguration;
			buildSettings = {
				ASSETCATALOG_COMPILER_APPICON_NAME = AppIcon;
				ASSETCATALOG_COMPILER_GLOBAL_ACCENT_COLOR_NAME = AccentColor;
				CODE_SIGN_STYLE = Automatic;
				CURRENT_PROJECT_VERSION = 1;
				DEVELOPMENT_TEAM = M96WTV3CKX;
				ENABLE_APP_SANDBOX = NO;
				ENABLE_HARDENED_RUNTIME = YES;
				GENERATE_INFOPLIST_FILE = YES;
				INFOPLIST_FILE = "PPG CLI/Info.plist";
				LD_RUNPATH_SEARCH_PATHS = "@executable_path/../Frameworks";
				MACOSX_DEPLOYMENT_TARGET = 26.1;
				MARKETING_VERSION = 0.1.9;
				PRODUCT_BUNDLE_IDENTIFIER = "com.2wit.PPG-CLI";
				PRODUCT_NAME = "$(TARGET_NAME)";
				SDKROOT = macosx;
				STRING_CATALOG_GENERATE_SYMBOLS = YES;
				SUPPORTED_PLATFORMS = macosx;
				SWIFT_APPROACHABLE_CONCURRENCY = YES;
				SWIFT_DEFAULT_ACTOR_ISOLATION = MainActor;
				SWIFT_EMIT_LOC_STRINGS = YES;
				SWIFT_UPCOMING_FEATURE_MEMBER_IMPORT_VISIBILITY = YES;
				SWIFT_VERSION = 5.0;
			};
			name = Debug;
		};
		FB6FFC272F4C81C800C8D98B /* Release */ = {
			isa = XCBuildConfiguration;
			buildSettings = {
				ASSETCATALOG_COMPILER_APPICON_NAME = AppIcon;
				ASSETCATALOG_COMPILER_GLOBAL_ACCENT_COLOR_NAME = AccentColor;
				CODE_SIGN_STYLE = Automatic;
				CURRENT_PROJECT_VERSION = 1;
				DEVELOPMENT_TEAM = M96WTV3CKX;
				ENABLE_APP_SANDBOX = NO;
				ENABLE_HARDENED_RUNTIME = YES;
				GENERATE_INFOPLIST_FILE = YES;
				INFOPLIST_FILE = "PPG CLI/Info.plist";
				LD_RUNPATH_SEARCH_PATHS = "@executable_path/../Frameworks";
				MACOSX_DEPLOYMENT_TARGET = 26.1;
				MARKETING_VERSION = 0.1.9;
				PRODUCT_BUNDLE_IDENTIFIER = "com.2wit.PPG-CLI";
				PRODUCT_NAME = "$(TARGET_NAME)";
				SDKROOT = macosx;
				STRING_CATALOG_GENERATE_SYMBOLS = YES;
				SUPPORTED_PLATFORMS = macosx;
				SWIFT_APPROACHABLE_CONCURRENCY = YES;
				SWIFT_DEFAULT_ACTOR_ISOLATION = MainActor;
				SWIFT_EMIT_LOC_STRINGS = YES;
				SWIFT_UPCOMING_FEATURE_MEMBER_IMPORT_VISIBILITY = YES;
				SWIFT_VERSION = 5.0;
			};
			name = Release;
		};
		FB6FFC292F4C81C800C8D98B /* Debug */ = {
			isa = XCBuildConfiguration;
			buildSettings = {
				BUNDLE_LOADER = "$(TEST_HOST)";
				CODE_SIGN_STYLE = Automatic;
				CURRENT_PROJECT_VERSION = 1;
				DEVELOPMENT_TEAM = M96WTV3CKX;
				GENERATE_INFOPLIST_FILE = YES;
				MACOSX_DEPLOYMENT_TARGET = 26.1;
				MARKETING_VERSION = 0.1.9;
				PRODUCT_BUNDLE_IDENTIFIER = "com.2wit.PPG-CLITests";
				PRODUCT_NAME = "$(TARGET_NAME)";
				SDKROOT = macosx;
				STRING_CATALOG_GENERATE_SYMBOLS = NO;
				SUPPORTED_PLATFORMS = macosx;
				SWIFT_APPROACHABLE_CONCURRENCY = YES;
				SWIFT_EMIT_LOC_STRINGS = NO;
				SWIFT_UPCOMING_FEATURE_MEMBER_IMPORT_VISIBILITY = YES;
				SWIFT_VERSION = 5.0;
				TEST_HOST = "$(BUILT_PRODUCTS_DIR)/PPG CLI.app/$(BUNDLE_EXECUTABLE_FOLDER_PATH)/PPG CLI";
			};
			name = Debug;
		};
		FB6FFC2A2F4C81C800C8D98B /* Release */ = {
			isa = XCBuildConfiguration;
			buildSettings = {
				BUNDLE_LOADER = "$(TEST_HOST)";
				CODE_SIGN_STYLE = Automatic;
				CURRENT_PROJECT_VERSION = 1;
				DEVELOPMENT_TEAM = M96WTV3CKX;
				GENERATE_INFOPLIST_FILE = YES;
				MACOSX_DEPLOYMENT_TARGET = 26.1;
				MARKETING_VERSION = 0.1.9;
				PRODUCT_BUNDLE_IDENTIFIER = "com.2wit.PPG-CLITests";
				PRODUCT_NAME = "$(TARGET_NAME)";
				SDKROOT = macosx;
				STRING_CATALOG_GENERATE_SYMBOLS = NO;
				SUPPORTED_PLATFORMS = macosx;
				SWIFT_APPROACHABLE_CONCURRENCY = YES;
				SWIFT_EMIT_LOC_STRINGS = NO;
				SWIFT_UPCOMING_FEATURE_MEMBER_IMPORT_VISIBILITY = YES;
				SWIFT_VERSION = 5.0;
				TEST_HOST = "$(BUILT_PRODUCTS_DIR)/PPG CLI.app/$(BUNDLE_EXECUTABLE_FOLDER_PATH)/PPG CLI";
			};
			name = Release;
		};
/* End XCBuildConfiguration section */

/* Begin XCConfigurationList section */
		FB6FFBFF2F4C81C600C8D98B /* Build configuration list for PBXProject "PPG CLI" */ = {
			isa = XCConfigurationList;
			buildConfigurations = (
				FB6FFC232F4C81C800C8D98B /* Debug */,
				FB6FFC242F4C81C800C8D98B /* Release */,
			);
			defaultConfigurationIsVisible = 0;
			defaultConfigurationName = Release;
		};
		FB6FFC252F4C81C800C8D98B /* Build configuration list for PBXNativeTarget "PPG CLI" */ = {
			isa = XCConfigurationList;
			buildConfigurations = (
				FB6FFC262F4C81C800C8D98B /* Debug */,
				FB6FFC272F4C81C800C8D98B /* Release */,
			);
			defaultConfigurationIsVisible = 0;
			defaultConfigurationName = Release;
		};
		FB6FFC282F4C81C800C8D98B /* Build configuration list for PBXNativeTarget "PPG CLITests" */ = {
			isa = XCConfigurationList;
			buildConfigurations = (
				FB6FFC292F4C81C800C8D98B /* Debug */,
				FB6FFC2A2F4C81C800C8D98B /* Release */,
			);
			defaultConfigurationIsVisible = 0;
			defaultConfigurationName = Release;
		};
/* End XCConfigurationList section */

/* Begin XCRemoteSwiftPackageReference section */
		FB6FFC2F2F4C820000C8D98B /* XCRemoteSwiftPackageReference "SwiftTerm" */ = {
			isa = XCRemoteSwiftPackageReference;
			repositoryURL = "https://github.com/migueldeicaza/SwiftTerm.git";
			requirement = {
				branch = main;
				kind = branch;
			};
		};
		FB6FFC7E2F4CB00000C8D98B /* XCRemoteSwiftPackageReference "Sparkle" */ = {
			isa = XCRemoteSwiftPackageReference;
			repositoryURL = "https://github.com/sparkle-project/Sparkle.git";
			requirement = {
				kind = upToNextMajorVersion;
				minimumVersion = 2.0.0;
			};
		};
/* End XCRemoteSwiftPackageReference section */

/* Begin XCSwiftPackageProductDependency section */
		FB6FFC302F4C820000C8D98B /* SwiftTerm */ = {
			isa = XCSwiftPackageProductDependency;
			package = FB6FFC2F2F4C820000C8D98B /* XCRemoteSwiftPackageReference "SwiftTerm" */;
			productName = SwiftTerm;
		};
		FB6FFC7F2F4CB00000C8D98B /* Sparkle */ = {
			isa = XCSwiftPackageProductDependency;
			package = FB6FFC7E2F4CB00000C8D98B /* XCRemoteSwiftPackageReference "Sparkle" */;
			productName = Sparkle;
		};
/* End XCSwiftPackageProductDependency section */
	};
	rootObject = FB6FFBFC2F4C81C600C8D98B /* Project object */;
}
